{
  "name": "@smallllama/json-smooshify",
  "version": "1.0.0",
  "lockfileVersion": 1,
  "requires": true,
  "dependencies": {
    "posix-getopt": {
      "version": "1.2.1",
      "resolved": "https://registry.npmjs.org/posix-getopt/-/posix-getopt-1.2.1.tgz",
      "integrity": "sha512-BbGTiH8MOWAuc6h5yITkSn9k3HP4+QOCV9t6I5F62OrH7zqTHRo08QNsgELRreTBxcvRhbSpMoUnAx77Dz4yUA=="
    }
  }
}
